
Microsoft Visual Studio Solution File, Format Version 12.00
# Visual Studio 15
VisualStudioVersion = 15.0.26403.0
MinimumVisualStudioVersion = 10.0.40219.1
Project("{8BC9CEB8-8B4A-11D0-8D11-00A0C91BC942}") = "백준 문제 풀이", "백준 문제 풀이.vcxproj", "{954BB98E-1321-4759-8658-8ADA2789E2A4}"
EndProject
Global
	GlobalSection(SolutionConfigurationPlatforms) = preSolution
		Debug|x64 = Debug|x64
		Debug|x86 = Debug|x86
		Release|x64 = Release|x64
		Release|x86 = Release|x86
	EndGlobalSection
	GlobalSection(ProjectConfigurationPlatforms) = postSolution
		{954BB98E-1321-4759-8658-8ADA2789E2A4}.Debug|x64.ActiveCfg = Debug|x64
		{954BB98E-1321-4759-8658-8ADA2789E2A4}.Debug|x64.Build.0 = Debug|x64
		{954BB98E-1321-4759-8658-8ADA2789E2A4}.Debug|x86.ActiveCfg = Debug|Win32
		{954BB98E-1321-4759-8658-8ADA2789E2A4}.Debug|x86.Build.0 = Debug|Win32
		{954BB98E-1321-4759-8658-8ADA2789E2A4}.Release|x64.ActiveCfg = Release|x64
		{954BB98E-1321-4759-8658-8ADA2789E2A4}.Release|x64.Build.0 = Release|x64
		{954BB98E-1321-4759-8658-8ADA2789E2A4}.Release|x86.ActiveCfg = Release|Win32
		{954BB98E-1321-4759-8658-8ADA2789E2A4}.Release|x86.Build.0 = Release|Win32
	EndGlobalSection
	GlobalSection(SolutionProperties) = preSolution
		HideSolutionNode = FALSE
	EndGlobalSection
EndGlobal
